// !$*UTF8*$!
{
	archiveVersion = 1;
	classes = {
	};
	objectVersion = 51;
	objects = {

/* Begin PBXBuildFile section */
		96777F2E398D0FEEC30A888F /* Pods_YapAiTek_Assessment_YapAiTek_AssessmentUITests.framework in Frameworks */ = {isa = PBXBuildFile; fileRef = 345EDCB195F84CB0BF3A887B /* Pods_YapAiTek_Assessment_YapAiTek_AssessmentUITests.framework */; };
		B664D43E258D18F5007D2D64 /* AppDelegate.swift in Sources */ = {isa = PBXBuildFile; fileRef = B664D43D258D18F5007D2D64 /* AppDelegate.swift */; };
		B664D440258D18F5007D2D64 /* SceneDelegate.swift in Sources */ = {isa = PBXBuildFile; fileRef = B664D43F258D18F5007D2D64 /* SceneDelegate.swift */; };
		B664D442258D18F5007D2D64 /* MainViewControllerViewController.swift in Sources */ = {isa = PBXBuildFile; fileRef = B664D441258D18F5007D2D64 /* MainViewControllerViewController.swift */; };
		B664D445258D18F5007D2D64 /* Main.storyboard in Resources */ = {isa = PBXBuildFile; fileRef = B664D443258D18F5007D2D64 /* Main.storyboard */; };
		B664D447258D18F7007D2D64 /* Assets.xcassets in Resources */ = {isa = PBXBuildFile; fileRef = B664D446258D18F7007D2D64 /* Assets.xcassets */; };
		B664D44A258D18F7007D2D64 /* LaunchScreen.storyboard in Resources */ = {isa = PBXBuildFile; fileRef = B664D448258D18F7007D2D64 /* LaunchScreen.storyboard */; };
		B664D455258D18F8007D2D64 /* YapAiTek_AssessmentTests.swift in Sources */ = {isa = PBXBuildFile; fileRef = B664D454258D18F8007D2D64 /* YapAiTek_AssessmentTests.swift */; };
		B664D460258D18F8007D2D64 /* YapAiTek_AssessmentUITests.swift in Sources */ = {isa = PBXBuildFile; fileRef = B664D45F258D18F8007D2D64 /* YapAiTek_AssessmentUITests.swift */; };
		B664D487258D2B4B007D2D64 /* WebViewController.swift in Sources */ = {isa = PBXBuildFile; fileRef = B664D486258D2B4B007D2D64 /* WebViewController.swift */; };
		B664D48D258D3DD7007D2D64 /* Constants.swift in Sources */ = {isa = PBXBuildFile; fileRef = B664D48C258D3DD7007D2D64 /* Constants.swift */; };
		B664D492258D44E8007D2D64 /* WebServices.swift in Sources */ = {isa = PBXBuildFile; fileRef = B664D491258D44E8007D2D64 /* WebServices.swift */; };
		B664D49C258D4CEC007D2D64 /* DataRequestExtensions.swift in Sources */ = {isa = PBXBuildFile; fileRef = B664D49B258D4CEC007D2D64 /* DataRequestExtensions.swift */; };
		B664D4A3258D5153007D2D64 /* FlickrServices.swift in Sources */ = {isa = PBXBuildFile; fileRef = B664D4A2258D5153007D2D64 /* FlickrServices.swift */; };
		B664D4AC258D5356007D2D64 /* FlickrSearchResponse.swift in Sources */ = {isa = PBXBuildFile; fileRef = B664D4AB258D5356007D2D64 /* FlickrSearchResponse.swift */; };
		B664D4BC258D5956007D2D64 /* MainViewModel.swift in Sources */ = {isa = PBXBuildFile; fileRef = B664D4BB258D5956007D2D64 /* MainViewModel.swift */; };
		B664D4C8258D686A007D2D64 /* FlickrPhotoCollectionVC.swift in Sources */ = {isa = PBXBuildFile; fileRef = B664D4C7258D686A007D2D64 /* FlickrPhotoCollectionVC.swift */; };
		B664D4CD258D68A5007D2D64 /* FlickrPhotoCollectionViewModel.swift in Sources */ = {isa = PBXBuildFile; fileRef = B664D4CC258D68A5007D2D64 /* FlickrPhotoCollectionViewModel.swift */; };
		B664D4D7258D698D007D2D64 /* FlickrPhotoCollectionViewCell.swift in Sources */ = {isa = PBXBuildFile; fileRef = B664D4D5258D698D007D2D64 /* FlickrPhotoCollectionViewCell.swift */; };
		B664D4D8258D698D007D2D64 /* FlickrPhotoCollectionViewCell.xib in Resources */ = {isa = PBXBuildFile; fileRef = B664D4D6258D698D007D2D64 /* FlickrPhotoCollectionViewCell.xib */; };
		BD5F12494F0115B85617C204 /* Pods_YapAiTek_AssessmentTests.framework in Frameworks */ = {isa = PBXBuildFile; fileRef = EEB48824712AC1E0D46E7A01 /* Pods_YapAiTek_AssessmentTests.framework */; };
		F7E96BDBC21E049EF34895C0 /* Pods_YapAiTek_Assessment.framework in Frameworks */ = {isa = PBXBuildFile; fileRef = 0886652A11CF8A35422ABB39 /* Pods_YapAiTek_Assessment.framework */; };
/* End PBXBuildFile section */

/* Begin PBXContainerItemProxy section */
		B664D451258D18F8007D2D64 /* PBXContainerItemProxy */ = {
			isa = PBXContainerItemProxy;
			containerPortal = B664D432258D18F5007D2D64 /* Project object */;
			proxyType = 1;
			remoteGlobalIDString = B664D439258D18F5007D2D64;
			remoteInfo = "YapAiTek-Assessment";
		};
		B664D45C258D18F8007D2D64 /* PBXContainerItemProxy */ = {
			isa = PBXContainerItemProxy;
			containerPortal = B664D432258D18F5007D2D64 /* Project object */;
			proxyType = 1;
			remoteGlobalIDString = B664D439258D18F5007D2D64;
			remoteInfo = "YapAiTek-Assessment";
		};
/* End PBXContainerItemProxy section */

/* Begin PBXFileReference section */
		0886652A11CF8A35422ABB39 /* Pods_YapAiTek_Assessment.framework */ = {isa = PBXFileReference; explicitFileType = wrapper.framework; includeInIndex = 0; path = Pods_YapAiTek_Assessment.framework; sourceTree = BUILT_PRODUCTS_DIR; };
		130F3E9B875D818EC21E66FB /* Pods-YapAiTek-Assessment.release.xcconfig */ = {isa = PBXFileReference; includeInIndex = 1; lastKnownFileType = text.xcconfig; name = "Pods-YapAiTek-Assessment.release.xcconfig"; path = "Target Support Files/Pods-YapAiTek-Assessment/Pods-YapAiTek-Assessment.release.xcconfig"; sourceTree = "<group>"; };
		345EDCB195F84CB0BF3A887B /* Pods_YapAiTek_Assessment_YapAiTek_AssessmentUITests.framework */ = {isa = PBXFileReference; explicitFileType = wrapper.framework; includeInIndex = 0; path = Pods_YapAiTek_Assessment_YapAiTek_AssessmentUITests.framework; sourceTree = BUILT_PRODUCTS_DIR; };
		481CF2FCAC9F996A867C9D06 /* Pods-YapAiTek-Assessment-YapAiTek-AssessmentUITests.release.xcconfig */ = {isa = PBXFileReference; includeInIndex = 1; lastKnownFileType = text.xcconfig; name = "Pods-YapAiTek-Assessment-YapAiTek-AssessmentUITests.release.xcconfig"; path = "Target Support Files/Pods-YapAiTek-Assessment-YapAiTek-AssessmentUITests/Pods-YapAiTek-Assessment-YapAiTek-AssessmentUITests.release.xcconfig"; sourceTree = "<group>"; };
		8CA315FAAA19E9C2E9D37BB4 /* Pods-YapAiTek-Assessment.debug.xcconfig */ = {isa = PBXFileReference; includeInIndex = 1; lastKnownFileType = text.xcconfig; name = "Pods-YapAiTek-Assessment.debug.xcconfig"; path = "Target Support Files/Pods-YapAiTek-Assessment/Pods-YapAiTek-Assessment.debug.xcconfig"; sourceTree = "<group>"; };
		B664D43A258D18F5007D2D64 /* YapAiTek-Assessment.app */ = {isa = PBXFileReference; explicitFileType = wrapper.application; includeInIndex = 0; path = "YapAiTek-Assessment.app"; sourceTree = BUILT_PRODUCTS_DIR; };
		B664D43D258D18F5007D2D64 /* AppDelegate.swift */ = {isa = PBXFileReference; lastKnownFileType = sourcecode.swift; path = AppDelegate.swift; sourceTree = "<group>"; };
		B664D43F258D18F5007D2D64 /* SceneDelegate.swift */ = {isa = PBXFileReference; lastKnownFileType = sourcecode.swift; path = SceneDelegate.swift; sourceTree = "<group>"; };
		B664D441258D18F5007D2D64 /* MainViewControllerViewController.swift */ = {isa = PBXFileReference; lastKnownFileType = sourcecode.swift; path = MainViewControllerViewController.swift; sourceTree = "<group>"; };
		B664D444258D18F5007D2D64 /* Base */ = {isa = PBXFileReference; lastKnownFileType = file.storyboard; name = Base; path = Base.lproj/Main.storyboard; sourceTree = "<group>"; };
		B664D446258D18F7007D2D64 /* Assets.xcassets */ = {isa = PBXFileReference; lastKnownFileType = folder.assetcatalog; path = Assets.xcassets; sourceTree = "<group>"; };
		B664D449258D18F7007D2D64 /* Base */ = {isa = PBXFileReference; lastKnownFileType = file.storyboard; name = Base; path = Base.lproj/LaunchScreen.storyboard; sourceTree = "<group>"; };
		B664D44B258D18F7007D2D64 /* Info.plist */ = {isa = PBXFileReference; lastKnownFileType = text.plist.xml; path = Info.plist; sourceTree = "<group>"; };
		B664D450258D18F8007D2D64 /* YapAiTek-AssessmentTests.xctest */ = {isa = PBXFileReference; explicitFileType = wrapper.cfbundle; includeInIndex = 0; path = "YapAiTek-AssessmentTests.xctest"; sourceTree = BUILT_PRODUCTS_DIR; };
		B664D454258D18F8007D2D64 /* YapAiTek_AssessmentTests.swift */ = {isa = PBXFileReference; lastKnownFileType = sourcecode.swift; path = YapAiTek_AssessmentTests.swift; sourceTree = "<group>"; };
		B664D456258D18F8007D2D64 /* Info.plist */ = {isa = PBXFileReference; lastKnownFileType = text.plist.xml; path = Info.plist; sourceTree = "<group>"; };
		B664D45B258D18F8007D2D64 /* YapAiTek-AssessmentUITests.xctest */ = {isa = PBXFileReference; explicitFileType = wrapper.cfbundle; includeInIndex = 0; path = "YapAiTek-AssessmentUITests.xctest"; sourceTree = BUILT_PRODUCTS_DIR; };
		B664D45F258D18F8007D2D64 /* YapAiTek_AssessmentUITests.swift */ = {isa = PBXFileReference; lastKnownFileType = sourcecode.swift; path = YapAiTek_AssessmentUITests.swift; sourceTree = "<group>"; };
		B664D461258D18F8007D2D64 /* Info.plist */ = {isa = PBXFileReference; lastKnownFileType = text.plist.xml; path = Info.plist; sourceTree = "<group>"; };
		B664D486258D2B4B007D2D64 /* WebViewController.swift */ = {isa = PBXFileReference; lastKnownFileType = sourcecode.swift; path = WebViewController.swift; sourceTree = "<group>"; };
		B664D48C258D3DD7007D2D64 /* Constants.swift */ = {isa = PBXFileReference; lastKnownFileType = sourcecode.swift; path = Constants.swift; sourceTree = "<group>"; };
		B664D491258D44E8007D2D64 /* WebServices.swift */ = {isa = PBXFileReference; lastKnownFileType = sourcecode.swift; path = WebServices.swift; sourceTree = "<group>"; };
		B664D49B258D4CEC007D2D64 /* DataRequestExtensions.swift */ = {isa = PBXFileReference; lastKnownFileType = sourcecode.swift; path = DataRequestExtensions.swift; sourceTree = "<group>"; };
		B664D4A2258D5153007D2D64 /* FlickrServices.swift */ = {isa = PBXFileReference; lastKnownFileType = sourcecode.swift; path = FlickrServices.swift; sourceTree = "<group>"; };
		B664D4AB258D5356007D2D64 /* FlickrSearchResponse.swift */ = {isa = PBXFileReference; lastKnownFileType = sourcecode.swift; path = FlickrSearchResponse.swift; sourceTree = "<group>"; };
		B664D4BB258D5956007D2D64 /* MainViewModel.swift */ = {isa = PBXFileReference; lastKnownFileType = sourcecode.swift; path = MainViewModel.swift; sourceTree = "<group>"; };
		B664D4C7258D686A007D2D64 /* FlickrPhotoCollectionVC.swift */ = {isa = PBXFileReference; lastKnownFileType = sourcecode.swift; path = FlickrPhotoCollectionVC.swift; sourceTree = "<group>"; };
		B664D4CC258D68A5007D2D64 /* FlickrPhotoCollectionViewModel.swift */ = {isa = PBXFileReference; lastKnownFileType = sourcecode.swift; path = FlickrPhotoCollectionViewModel.swift; sourceTree = "<group>"; };
		B664D4D5258D698D007D2D64 /* FlickrPhotoCollectionViewCell.swift */ = {isa = PBXFileReference; lastKnownFileType = sourcecode.swift; path = FlickrPhotoCollectionViewCell.swift; sourceTree = "<group>"; };
		B664D4D6258D698D007D2D64 /* FlickrPhotoCollectionViewCell.xib */ = {isa = PBXFileReference; lastKnownFileType = file.xib; path = FlickrPhotoCollectionViewCell.xib; sourceTree = "<group>"; };
		BF425DF9715E9DEBA90854FA /* Pods-YapAiTek-AssessmentTests.debug.xcconfig */ = {isa = PBXFileReference; includeInIndex = 1; lastKnownFileType = text.xcconfig; name = "Pods-YapAiTek-AssessmentTests.debug.xcconfig"; path = "Target Support Files/Pods-YapAiTek-AssessmentTests/Pods-YapAiTek-AssessmentTests.debug.xcconfig"; sourceTree = "<group>"; };
		C4A12042772F5E0AE05EFD94 /* Pods-YapAiTek-Assessment-YapAiTek-AssessmentUITests.debug.xcconfig */ = {isa = PBXFileReference; includeInIndex = 1; lastKnownFileType = text.xcconfig; name = "Pods-YapAiTek-Assessment-YapAiTek-AssessmentUITests.debug.xcconfig"; path = "Target Support Files/Pods-YapAiTek-Assessment-YapAiTek-AssessmentUITests/Pods-YapAiTek-Assessment-YapAiTek-AssessmentUITests.debug.xcconfig"; sourceTree = "<group>"; };
		EEB48824712AC1E0D46E7A01 /* Pods_YapAiTek_AssessmentTests.framework */ = {isa = PBXFileReference; explicitFileType = wrapper.framework; includeInIndex = 0; path = Pods_YapAiTek_AssessmentTests.framework; sourceTree = BUILT_PRODUCTS_DIR; };
		FDEB9E70C023168D6AD44E75 /* Pods-YapAiTek-AssessmentTests.release.xcconfig */ = {isa = PBXFileReference; includeInIndex = 1; lastKnownFileType = text.xcconfig; name = "Pods-YapAiTek-AssessmentTests.release.xcconfig"; path = "Target Support Files/Pods-YapAiTek-AssessmentTests/Pods-YapAiTek-AssessmentTests.release.xcconfig"; sourceTree = "<group>"; };
/* End PBXFileReference section */

/* Begin PBXFrameworksBuildPhase section */
		B664D437258D18F5007D2D64 /* Frameworks */ = {
			isa = PBXFrameworksBuildPhase;
			buildActionMask = 2147483647;
			files = (
				F7E96BDBC21E049EF34895C0 /* Pods_YapAiTek_Assessment.framework in Frameworks */,
			);
			runOnlyForDeploymentPostprocessing = 0;
		};
		B664D44D258D18F8007D2D64 /* Frameworks */ = {
			isa = PBXFrameworksBuildPhase;
			buildActionMask = 2147483647;
			files = (
				BD5F12494F0115B85617C204 /* Pods_YapAiTek_AssessmentTests.framework in Frameworks */,
			);
			runOnlyForDeploymentPostprocessing = 0;
		};
		B664D458258D18F8007D2D64 /* Frameworks */ = {
			isa = PBXFrameworksBuildPhase;
			buildActionMask = 2147483647;
			files = (
				96777F2E398D0FEEC30A888F /* Pods_YapAiTek_Assessment_YapAiTek_AssessmentUITests.framework in Frameworks */,
			);
			runOnlyForDeploymentPostprocessing = 0;
		};
/* End PBXFrameworksBuildPhase section */

/* Begin PBXGroup section */
		A7177DDA434A36B1813831CE /* Pods */ = {
			isa = PBXGroup;
			children = (
				8CA315FAAA19E9C2E9D37BB4 /* Pods-YapAiTek-Assessment.debug.xcconfig */,
				130F3E9B875D818EC21E66FB /* Pods-YapAiTek-Assessment.release.xcconfig */,
				C4A12042772F5E0AE05EFD94 /* Pods-YapAiTek-Assessment-YapAiTek-AssessmentUITests.debug.xcconfig */,
				481CF2FCAC9F996A867C9D06 /* Pods-YapAiTek-Assessment-YapAiTek-AssessmentUITests.release.xcconfig */,
				BF425DF9715E9DEBA90854FA /* Pods-YapAiTek-AssessmentTests.debug.xcconfig */,
				FDEB9E70C023168D6AD44E75 /* Pods-YapAiTek-AssessmentTests.release.xcconfig */,
			);
			path = Pods;
			sourceTree = "<group>";
		};
		B664D431258D18F5007D2D64 = {
			isa = PBXGroup;
			children = (
				B664D43C258D18F5007D2D64 /* YapAiTek-Assessment */,
				B664D453258D18F8007D2D64 /* YapAiTek-AssessmentTests */,
				B664D45E258D18F8007D2D64 /* YapAiTek-AssessmentUITests */,
				B664D43B258D18F5007D2D64 /* Products */,
				A7177DDA434A36B1813831CE /* Pods */,
				EB5F9BF5557891F3CBCD05CD /* Frameworks */,
			);
			sourceTree = "<group>";
		};
		B664D43B258D18F5007D2D64 /* Products */ = {
			isa = PBXGroup;
			children = (
				B664D43A258D18F5007D2D64 /* YapAiTek-Assessment.app */,
				B664D450258D18F8007D2D64 /* YapAiTek-AssessmentTests.xctest */,
				B664D45B258D18F8007D2D64 /* YapAiTek-AssessmentUITests.xctest */,
			);
			name = Products;
			sourceTree = "<group>";
		};
		B664D43C258D18F5007D2D64 /* YapAiTek-Assessment */ = {
			isa = PBXGroup;
			children = (
				B664D499258D4CCA007D2D64 /* Helper */,
				B664D48B258D3DC2007D2D64 /* Constants */,
				B664D47C258D210F007D2D64 /* Network */,
				B664D4B9258D5925007D2D64 /* Controller */,
				B664D43D258D18F5007D2D64 /* AppDelegate.swift */,
				B664D43F258D18F5007D2D64 /* SceneDelegate.swift */,
				B664D443258D18F5007D2D64 /* Main.storyboard */,
				B664D446258D18F7007D2D64 /* Assets.xcassets */,
				B664D448258D18F7007D2D64 /* LaunchScreen.storyboard */,
				B664D44B258D18F7007D2D64 /* Info.plist */,
				B664D486258D2B4B007D2D64 /* WebViewController.swift */,
			);
			path = "YapAiTek-Assessment";
			sourceTree = "<group>";
		};
		B664D453258D18F8007D2D64 /* YapAiTek-AssessmentTests */ = {
			isa = PBXGroup;
			children = (
				B664D454258D18F8007D2D64 /* YapAiTek_AssessmentTests.swift */,
				B664D456258D18F8007D2D64 /* Info.plist */,
			);
			path = "YapAiTek-AssessmentTests";
			sourceTree = "<group>";
		};
		B664D45E258D18F8007D2D64 /* YapAiTek-AssessmentUITests */ = {
			isa = PBXGroup;
			children = (
				B664D45F258D18F8007D2D64 /* YapAiTek_AssessmentUITests.swift */,
				B664D461258D18F8007D2D64 /* Info.plist */,
			);
			path = "YapAiTek-AssessmentUITests";
			sourceTree = "<group>";
		};
		B664D47C258D210F007D2D64 /* Network */ = {
			isa = PBXGroup;
			children = (
				B664D4AA258D531C007D2D64 /* Models */,
				B664D4A1258D5138007D2D64 /* Services */,
			);
			path = Network;
			sourceTree = "<group>";
		};
		B664D48B258D3DC2007D2D64 /* Constants */ = {
			isa = PBXGroup;
			children = (
				B664D48C258D3DD7007D2D64 /* Constants.swift */,
			);
			path = Constants;
			sourceTree = "<group>";
		};
		B664D499258D4CCA007D2D64 /* Helper */ = {
			isa = PBXGroup;
			children = (
				B664D49A258D4CD1007D2D64 /* Extenstions */,
			);
			path = Helper;
			sourceTree = "<group>";
		};
		B664D49A258D4CD1007D2D64 /* Extenstions */ = {
			isa = PBXGroup;
			children = (
				B664D49B258D4CEC007D2D64 /* DataRequestExtensions.swift */,
			);
			path = Extenstions;
			sourceTree = "<group>";
		};
		B664D4A0258D512B007D2D64 /* Base */ = {
			isa = PBXGroup;
			children = (
				B664D491258D44E8007D2D64 /* WebServices.swift */,
			);
			path = Base;
			sourceTree = "<group>";
		};
		B664D4A1258D5138007D2D64 /* Services */ = {
			isa = PBXGroup;
			children = (
				B664D4A0258D512B007D2D64 /* Base */,
				B664D4A2258D5153007D2D64 /* FlickrServices.swift */,
			);
			path = Services;
			sourceTree = "<group>";
		};
		B664D4AA258D531C007D2D64 /* Models */ = {
			isa = PBXGroup;
			children = (
				B664D4AB258D5356007D2D64 /* FlickrSearchResponse.swift */,
			);
			path = Models;
			sourceTree = "<group>";
		};
		B664D4B9258D5925007D2D64 /* Controller */ = {
			isa = PBXGroup;
			children = (
				B664D4C5258D683C007D2D64 /* FlickrPhotoCollection */,
				B664D4BA258D593F007D2D64 /* Login */,
			);
			path = Controller;
			sourceTree = "<group>";
		};
		B664D4BA258D593F007D2D64 /* Login */ = {
			isa = PBXGroup;
			children = (
				B664D441258D18F5007D2D64 /* MainViewControllerViewController.swift */,
				B664D4BB258D5956007D2D64 /* MainViewModel.swift */,
			);
			path = Login;
			sourceTree = "<group>";
		};
		B664D4C5258D683C007D2D64 /* FlickrPhotoCollection */ = {
			isa = PBXGroup;
			children = (
				B664D4D1258D6960007D2D64 /* NibCell */,
				B664D4C7258D686A007D2D64 /* FlickrPhotoCollectionVC.swift */,
				B664D4CC258D68A5007D2D64 /* FlickrPhotoCollectionViewModel.swift */,
			);
			path = FlickrPhotoCollection;
			sourceTree = "<group>";
		};
		B664D4D1258D6960007D2D64 /* NibCell */ = {
			isa = PBXGroup;
			children = (
				B664D4D5258D698D007D2D64 /* FlickrPhotoCollectionViewCell.swift */,
				B664D4D6258D698D007D2D64 /* FlickrPhotoCollectionViewCell.xib */,
			);
			path = NibCell;
			sourceTree = "<group>";
		};
		EB5F9BF5557891F3CBCD05CD /* Frameworks */ = {
			isa = PBXGroup;
			children = (
				0886652A11CF8A35422ABB39 /* Pods_YapAiTek_Assessment.framework */,
				345EDCB195F84CB0BF3A887B /* Pods_YapAiTek_Assessment_YapAiTek_AssessmentUITests.framework */,
				EEB48824712AC1E0D46E7A01 /* Pods_YapAiTek_AssessmentTests.framework */,
			);
			name = Frameworks;
			sourceTree = "<group>";
		};
/* End PBXGroup section */

/* Begin PBXNativeTarget section */
		B664D439258D18F5007D2D64 /* YapAiTek-Assessment */ = {
			isa = PBXNativeTarget;
			buildConfigurationList = B664D464258D18F8007D2D64 /* Build configuration list for PBXNativeTarget "YapAiTek-Assessment" */;
			buildPhases = (
				31FE9082F057A993F5D2757F /* [CP] Check Pods Manifest.lock */,
				B664D436258D18F5007D2D64 /* Sources */,
				B664D437258D18F5007D2D64 /* Frameworks */,
				B664D438258D18F5007D2D64 /* Resources */,
				F04494EC8584DD3A09FBE266 /* [CP] Embed Pods Frameworks */,
			);
			buildRules = (
			);
			dependencies = (
			);
			name = "YapAiTek-Assessment";
			productName = "YapAiTek-Assessment";
			productReference = B664D43A258D18F5007D2D64 /* YapAiTek-Assessment.app */;
			productType = "com.apple.product-type.application";
		};
		B664D44F258D18F8007D2D64 /* YapAiTek-AssessmentTests */ = {
			isa = PBXNativeTarget;
			buildConfigurationList = B664D467258D18F8007D2D64 /* Build configuration list for PBXNativeTarget "YapAiTek-AssessmentTests" */;
			buildPhases = (
				EFE2E0BA135BE77E09510CC3 /* [CP] Check Pods Manifest.lock */,
				B664D44C258D18F8007D2D64 /* Sources */,
				B664D44D258D18F8007D2D64 /* Frameworks */,
				B664D44E258D18F8007D2D64 /* Resources */,
			);
			buildRules = (
			);
			dependencies = (
				B664D452258D18F8007D2D64 /* PBXTargetDependency */,
			);
			name = "YapAiTek-AssessmentTests";
			productName = "YapAiTek-AssessmentTests";
			productReference = B664D450258D18F8007D2D64 /* YapAiTek-AssessmentTests.xctest */;
			productType = "com.apple.product-type.bundle.unit-test";
		};
		B664D45A258D18F8007D2D64 /* YapAiTek-AssessmentUITests */ = {
			isa = PBXNativeTarget;
			buildConfigurationList = B664D46A258D18F8007D2D64 /* Build configuration list for PBXNativeTarget "YapAiTek-AssessmentUITests" */;
			buildPhases = (
				5D044E4DED432ECD9BC1CE93 /* [CP] Check Pods Manifest.lock */,
				B664D457258D18F8007D2D64 /* Sources */,
				B664D458258D18F8007D2D64 /* Frameworks */,
				B664D459258D18F8007D2D64 /* Resources */,
				1CA445044E82F3435E217454 /* [CP] Embed Pods Frameworks */,
			);
			buildRules = (
			);
			dependencies = (
				B664D45D258D18F8007D2D64 /* PBXTargetDependency */,
			);
			name = "YapAiTek-AssessmentUITests";
			productName = "YapAiTek-AssessmentUITests";
			productReference = B664D45B258D18F8007D2D64 /* YapAiTek-AssessmentUITests.xctest */;
			productType = "com.apple.product-type.bundle.ui-testing";
		};
/* End PBXNativeTarget section */

/* Begin PBXProject section */
		B664D432258D18F5007D2D64 /* Project object */ = {
			isa = PBXProject;
			attributes = {
				LastSwiftUpdateCheck = 1200;
				LastUpgradeCheck = 1200;
				TargetAttributes = {
					B664D439258D18F5007D2D64 = {
						CreatedOnToolsVersion = 12.0.1;
					};
					B664D44F258D18F8007D2D64 = {
						CreatedOnToolsVersion = 12.0.1;
						TestTargetID = B664D439258D18F5007D2D64;
					};
					B664D45A258D18F8007D2D64 = {
						CreatedOnToolsVersion = 12.0.1;
						TestTargetID = B664D439258D18F5007D2D64;
					};
				};
			};
			buildConfigurationList = B664D435258D18F5007D2D64 /* Build configuration list for PBXProject "YapAiTek-Assessment" */;
			compatibilityVersion = "Xcode 9.3";
			developmentRegion = en;
			hasScannedForEncodings = 0;
			knownRegions = (
				en,
				Base,
			);
			mainGroup = B664D431258D18F5007D2D64;
			productRefGroup = B664D43B258D18F5007D2D64 /* Products */;
			projectDirPath = "";
			projectRoot = "";
			targets = (
				B664D439258D18F5007D2D64 /* YapAiTek-Assessment */,
				B664D44F258D18F8007D2D64 /* YapAiTek-AssessmentTests */,
				B664D45A258D18F8007D2D64 /* YapAiTek-AssessmentUITests */,
			);
		};
/* End PBXProject section */

/* Begin PBXResourcesBuildPhase section */
		B664D438258D18F5007D2D64 /* Resources */ = {
			isa = PBXResourcesBuildPhase;
			buildActionMask = 2147483647;
			files = (
				B664D44A258D18F7007D2D64 /* LaunchScreen.storyboard in Resources */,
				B664D447258D18F7007D2D64 /* Assets.xcassets in Resources */,
				B664D4D8258D698D007D2D64 /* FlickrPhotoCollectionViewCell.xib in Resources */,
				B664D445258D18F5007D2D64 /* Main.storyboard in Resources */,
			);
			runOnlyForDeploymentPostprocessing = 0;
		};
		B664D44E258D18F8007D2D64 /* Resources */ = {
			isa = PBXResourcesBuildPhase;
			buildActionMask = 2147483647;
			files = (
			);
			runOnlyForDeploymentPostprocessing = 0;
		};
		B664D459258D18F8007D2D64 /* Resources */ = {
			isa = PBXResourcesBuildPhase;
			buildActionMask = 2147483647;
			files = (
			);
			runOnlyForDeploymentPostprocessing = 0;
		};
/* End PBXResourcesBuildPhase section */

/* Begin PBXShellScriptBuildPhase section */
		1CA445044E82F3435E217454 /* [CP] Embed Pods Frameworks */ = {
			isa = PBXShellScriptBuildPhase;
			buildActionMask = 2147483647;
			files = (
			);
			inputFileListPaths = (
				"${PODS_ROOT}/Target Support Files/Pods-YapAiTek-Assessment-YapAiTek-AssessmentUITests/Pods-YapAiTek-Assessment-YapAiTek-AssessmentUITests-frameworks-${CONFIGURATION}-input-files.xcfilelist",
			);
			name = "[CP] Embed Pods Frameworks";
			outputFileListPaths = (
				"${PODS_ROOT}/Target Support Files/Pods-YapAiTek-Assessment-YapAiTek-AssessmentUITests/Pods-YapAiTek-Assessment-YapAiTek-AssessmentUITests-frameworks-${CONFIGURATION}-output-files.xcfilelist",
			);
			runOnlyForDeploymentPostprocessing = 0;
			shellPath = /bin/sh;
			shellScript = "\"${PODS_ROOT}/Target Support Files/Pods-YapAiTek-Assessment-YapAiTek-AssessmentUITests/Pods-YapAiTek-Assessment-YapAiTek-AssessmentUITests-frameworks.sh\"\n";
			showEnvVarsInLog = 0;
		};
		31FE9082F057A993F5D2757F /* [CP] Check Pods Manifest.lock */ = {
			isa = PBXShellScriptBuildPhase;
			buildActionMask = 2147483647;
			files = (
			);
			inputFileListPaths = (
			);
			inputPaths = (
				"${PODS_PODFILE_DIR_PATH}/Podfile.lock",
				"${PODS_ROOT}/Manifest.lock",
			);
			name = "[CP] Check Pods Manifest.lock";
			outputFileListPaths = (
			);
			outputPaths = (
				"$(DERIVED_FILE_DIR)/Pods-YapAiTek-Assessment-checkManifestLockResult.txt",
			);
			runOnlyForDeploymentPostprocessing = 0;
			shellPath = /bin/sh;
			shellScript = "diff \"${PODS_PODFILE_DIR_PATH}/Podfile.lock\" \"${PODS_ROOT}/Manifest.lock\" > /dev/null\nif [ $? != 0 ] ; then\n    # print error to STDERR\n    echo \"error: The sandbox is not in sync with the Podfile.lock. Run 'pod install' or update your CocoaPods installation.\" >&2\n    exit 1\nfi\n# This output is used by Xcode 'outputs' to avoid re-running this script phase.\necho \"SUCCESS\" > \"${SCRIPT_OUTPUT_FILE_0}\"\n";
			showEnvVarsInLog = 0;
		};
		5D044E4DED432ECD9BC1CE93 /* [CP] Check Pods Manifest.lock */ = {
			isa = PBXShellScriptBuildPhase;
			buildActionMask = 2147483647;
			files = (
			);
			inputFileListPaths = (
			);
			inputPaths = (
				"${PODS_PODFILE_DIR_PATH}/Podfile.lock",
				"${PODS_ROOT}/Manifest.lock",
			);
			name = "[CP] Check Pods Manifest.lock";
			outputFileListPaths = (
			);
			outputPaths = (
				"$(DERIVED_FILE_DIR)/Pods-YapAiTek-Assessment-YapAiTek-AssessmentUITests-checkManifestLockResult.txt",
			);
			runOnlyForDeploymentPostprocessing = 0;
			shellPath = /bin/sh;
			shellScript = "diff \"${PODS_PODFILE_DIR_PATH}/Podfile.lock\" \"${PODS_ROOT}/Manifest.lock\" > /dev/null\nif [ $? != 0 ] ; then\n    # print error to STDERR\n    echo \"error: The sandbox is not in sync with the Podfile.lock. Run 'pod install' or update your CocoaPods installation.\" >&2\n    exit 1\nfi\n# This output is used by Xcode 'outputs' to avoid re-running this script phase.\necho \"SUCCESS\" > \"${SCRIPT_OUTPUT_FILE_0}\"\n";
			showEnvVarsInLog = 0;
		};
		EFE2E0BA135BE77E09510CC3 /* [CP] Check Pods Manifest.lock */ = {
			isa = PBXShellScriptBuildPhase;
			buildActionMask = 2147483647;
			files = (
			);
			inputFileListPaths = (
			);
			inputPaths = (
				"${PODS_PODFILE_DIR_PATH}/Podfile.lock",
				"${PODS_ROOT}/Manifest.lock",
			);
			name = "[CP] Check Pods Manifest.lock";
			outputFileListPaths = (
			);
			outputPaths = (
				"$(DERIVED_FILE_DIR)/Pods-YapAiTek-AssessmentTests-checkManifestLockResult.txt",
			);
			runOnlyForDeploymentPostprocessing = 0;
			shellPath = /bin/sh;
			shellScript = "diff \"${PODS_PODFILE_DIR_PATH}/Podfile.lock\" \"${PODS_ROOT}/Manifest.lock\" > /dev/null\nif [ $? != 0 ] ; then\n    # print error to STDERR\n    echo \"error: The sandbox is not in sync with the Podfile.lock. Run 'pod install' or update your CocoaPods installation.\" >&2\n    exit 1\nfi\n# This output is used by Xcode 'outputs' to avoid re-running this script phase.\necho \"SUCCESS\" > \"${SCRIPT_OUTPUT_FILE_0}\"\n";
			showEnvVarsInLog = 0;
		};
		F04494EC8584DD3A09FBE266 /* [CP] Embed Pods Frameworks */ = {
			isa = PBXShellScriptBuildPhase;
			buildActionMask = 2147483647;
			files = (
			);
			inputFileListPaths = (
				"${PODS_ROOT}/Target Support Files/Pods-YapAiTek-Assessment/Pods-YapAiTek-Assessment-frameworks-${CONFIGURATION}-input-files.xcfilelist",
			);
			name = "[CP] Embed Pods Frameworks";
			outputFileListPaths = (
				"${PODS_ROOT}/Target Support Files/Pods-YapAiTek-Assessment/Pods-YapAiTek-Assessment-frameworks-${CONFIGURATION}-output-files.xcfilelist",
			);
			runOnlyForDeploymentPostprocessing = 0;
			shellPath = /bin/sh;
			shellScript = "\"${PODS_ROOT}/Target Support Files/Pods-YapAiTek-Assessment/Pods-YapAiTek-Assessment-frameworks.sh\"\n";
			showEnvVarsInLog = 0;
		};
/* End PBXShellScriptBuildPhase section */

/* Begin PBXSourcesBuildPhase section */
		B664D436258D18F5007D2D64 /* Sources */ = {
			isa = PBXSourcesBuildPhase;
			buildActionMask = 2147483647;
			files = (
				B664D49C258D4CEC007D2D64 /* DataRequestExtensions.swift in Sources */,
				B664D4AC258D5356007D2D64 /* FlickrSearchResponse.swift in Sources */,
				B664D48D258D3DD7007D2D64 /* Constants.swift in Sources */,
				B664D442258D18F5007D2D64 /* MainViewControllerViewController.swift in Sources */,
				B664D4CD258D68A5007D2D64 /* FlickrPhotoCollectionViewModel.swift in Sources */,
				B664D492258D44E8007D2D64 /* WebServices.swift in Sources */,
				B664D4BC258D5956007D2D64 /* MainViewModel.swift in Sources */,
				B664D4C8258D686A007D2D64 /* FlickrPhotoCollectionVC.swift in Sources */,
				B664D43E258D18F5007D2D64 /* AppDelegate.swift in Sources */,
				B664D440258D18F5007D2D64 /* SceneDelegate.swift in Sources */,
				B664D4A3258D5153007D2D64 /* FlickrServices.swift in Sources */,
				B664D4D7258D698D007D2D64 /* FlickrPhotoCollectionViewCell.swift in Sources */,
				B664D487258D2B4B007D2D64 /* WebViewController.swift in Sources */,
			);
			runOnlyForDeploymentPostprocessing = 0;
		};
		B664D44C258D18F8007D2D64 /* Sources */ = {
			isa = PBXSourcesBuildPhase;
			buildActionMask = 2147483647;
			files = (
				B664D455258D18F8007D2D64 /* YapAiTek_AssessmentTests.swift in Sources */,
			);
			runOnlyForDeploymentPostprocessing = 0;
		};
		B664D457258D18F8007D2D64 /* Sources */ = {
			isa = PBXSourcesBuildPhase;
			buildActionMask = 2147483647;
			files = (
				B664D460258D18F8007D2D64 /* YapAiTek_AssessmentUITests.swift in Sources */,
			);
			runOnlyForDeploymentPostprocessing = 0;
		};
/* End PBXSourcesBuildPhase section */

/* Begin PBXTargetDependency section */
		B664D452258D18F8007D2D64 /* PBXTargetDependency */ = {
			isa = PBXTargetDependency;
			target = B664D439258D18F5007D2D64 /* YapAiTek-Assessment */;
			targetProxy = B664D451258D18F8007D2D64 /* PBXContainerItemProxy */;
		};
		B664D45D258D18F8007D2D64 /* PBXTargetDependency */ = {
			isa = PBXTargetDependency;
			target = B664D439258D18F5007D2D64 /* YapAiTek-Assessment */;
			targetProxy = B664D45C258D18F8007D2D64 /* PBXContainerItemProxy */;
		};
/* End PBXTargetDependency section */

/* Begin PBXVariantGroup section */
		B664D443258D18F5007D2D64 /* Main.storyboard */ = {
			isa = PBXVariantGroup;
			children = (
				B664D444258D18F5007D2D64 /* Base */,
			);
			name = Main.storyboard;
			sourceTree = "<group>";
		};
		B664D448258D18F7007D2D64 /* LaunchScreen.storyboard */ = {
			isa = PBXVariantGroup;
			children = (
				B664D449258D18F7007D2D64 /* Base */,
			);
			name = LaunchScreen.storyboard;
			sourceTree = "<group>";
		};
/* End PBXVariantGroup section */

/* Begin XCBuildConfiguration section */
		B664D462258D18F8007D2D64 /* Debug */ = {
			isa = XCBuildConfiguration;
			buildSettings = {
				ALWAYS_SEARCH_USER_PATHS = NO;
				CLANG_ANALYZER_NONNULL = YES;
				CLANG_ANALYZER_NUMBER_OBJECT_CONVERSION = YES_AGGRESSIVE;
				CLANG_CXX_LANGUAGE_STANDARD = "gnu++14";
				CLANG_CXX_LIBRARY = "libc++";
				CLANG_ENABLE_MODULES = YES;
				CLANG_ENABLE_OBJC_ARC = YES;
				CLANG_ENABLE_OBJC_WEAK = YES;
				CLANG_WARN_BLOCK_CAPTURE_AUTORELEASING = YES;
				CLANG_WARN_BOOL_CONVERSION = YES;
				CLANG_WARN_COMMA = YES;
				CLANG_WARN_CONSTANT_CONVERSION = YES;
				CLANG_WARN_DEPRECATED_OBJC_IMPLEMENTATIONS = YES;
				CLANG_WARN_DIRECT_OBJC_ISA_USAGE = YES_ERROR;
				CLANG_WARN_DOCUMENTATION_COMMENTS = YES;
				CLANG_WARN_EMPTY_BODY = YES;
				CLANG_WARN_ENUM_CONVERSION = YES;
				CLANG_WARN_INFINITE_RECURSION = YES;
				CLANG_WARN_INT_CONVERSION = YES;
				CLANG_WARN_NON_LITERAL_NULL_CONVERSION = YES;
				CLANG_WARN_OBJC_IMPLICIT_RETAIN_SELF = YES;
				CLANG_WARN_OBJC_LITERAL_CONVERSION = YES;
				CLANG_WARN_OBJC_ROOT_CLASS = YES_ERROR;
				CLANG_WARN_QUOTED_INCLUDE_IN_FRAMEWORK_HEADER = YES;
				CLANG_WARN_RANGE_LOOP_ANALYSIS = YES;
				CLANG_WARN_STRICT_PROTOTYPES = YES;
				CLANG_WARN_SUSPICIOUS_MOVE = YES;
				CLANG_WARN_UNGUARDED_AVAILABILITY = YES_AGGRESSIVE;
				CLANG_WARN_UNREACHABLE_CODE = YES;
				CLANG_WARN__DUPLICATE_METHOD_MATCH = YES;
				COPY_PHASE_STRIP = NO;
				DEBUG_INFORMATION_FORMAT = dwarf;
				ENABLE_STRICT_OBJC_MSGSEND = YES;
				ENABLE_TESTABILITY = YES;
				GCC_C_LANGUAGE_STANDARD = gnu11;
				GCC_DYNAMIC_NO_PIC = NO;
				GCC_NO_COMMON_BLOCKS = YES;
				GCC_OPTIMIZATION_LEVEL = 0;
				GCC_PREPROCESSOR_DEFINITIONS = (
					"DEBUG=1",
					"$(inherited)",
				);
				GCC_WARN_64_TO_32_BIT_CONVERSION = YES;
				GCC_WARN_ABOUT_RETURN_TYPE = YES_ERROR;
				GCC_WARN_UNDECLARED_SELECTOR = YES;
				GCC_WARN_UNINITIALIZED_AUTOS = YES_AGGRESSIVE;
				GCC_WARN_UNUSED_FUNCTION = YES;
				GCC_WARN_UNUSED_VARIABLE = YES;
				IPHONEOS_DEPLOYMENT_TARGET = 14.0;
				MTL_ENABLE_DEBUG_INFO = INCLUDE_SOURCE;
				MTL_FAST_MATH = YES;
				ONLY_ACTIVE_ARCH = YES;
				SDKROOT = iphoneos;
				SWIFT_ACTIVE_COMPILATION_CONDITIONS = DEBUG;
				SWIFT_OPTIMIZATION_LEVEL = "-Onone";
			};
			name = Debug;
		};
		B664D463258D18F8007D2D64 /* Release */ = {
			isa = XCBuildConfiguration;
			buildSettings = {
				ALWAYS_SEARCH_USER_PATHS = NO;
				CLANG_ANALYZER_NONNULL = YES;
				CLANG_ANALYZER_NUMBER_OBJECT_CONVERSION = YES_AGGRESSIVE;
				CLANG_CXX_LANGUAGE_STANDARD = "gnu++14";
				CLANG_CXX_LIBRARY = "libc++";
				CLANG_ENABLE_MODULES = YES;
				CLANG_ENABLE_OBJC_ARC = YES;
				CLANG_ENABLE_OBJC_WEAK = YES;
				CLANG_WARN_BLOCK_CAPTURE_AUTORELEASING = YES;
				CLANG_WARN_BOOL_CONVERSION = YES;
				CLANG_WARN_COMMA = YES;
				CLANG_WARN_CONSTANT_CONVERSION = YES;
				CLANG_WARN_DEPRECATED_OBJC_IMPLEMENTATIONS = YES;
				CLANG_WARN_DIRECT_OBJC_ISA_USAGE = YES_ERROR;
				CLANG_WARN_DOCUMENTATION_COMMENTS = YES;
				CLANG_WARN_EMPTY_BODY = YES;
				CLANG_WARN_ENUM_CONVERSION = YES;
				CLANG_WARN_INFINITE_RECURSION = YES;
				CLANG_WARN_INT_CONVERSION = YES;
				CLANG_WARN_NON_LITERAL_NULL_CONVERSION = YES;
				CLANG_WARN_OBJC_IMPLICIT_RETAIN_SELF = YES;
				CLANG_WARN_OBJC_LITERAL_CONVERSION = YES;
				CLANG_WARN_OBJC_ROOT_CLASS = YES_ERROR;
				CLANG_WARN_QUOTED_INCLUDE_IN_FRAMEWORK_HEADER = YES;
				CLANG_WARN_RANGE_LOOP_ANALYSIS = YES;
				CLANG_WARN_STRICT_PROTOTYPES = YES;
				CLANG_WARN_SUSPICIOUS_MOVE = YES;
				CLANG_WARN_UNGUARDED_AVAILABILITY = YES_AGGRESSIVE;
				CLANG_WARN_UNREACHABLE_CODE = YES;
				CLANG_WARN__DUPLICATE_METHOD_MATCH = YES;
				COPY_PHASE_STRIP = NO;
				DEBUG_INFORMATION_FORMAT = "dwarf-with-dsym";
				ENABLE_NS_ASSERTIONS = NO;
				ENABLE_STRICT_OBJC_MSGSEND = YES;
				GCC_C_LANGUAGE_STANDARD = gnu11;
				GCC_NO_COMMON_BLOCKS = YES;
				GCC_WARN_64_TO_32_BIT_CONVERSION = YES;
				GCC_WARN_ABOUT_RETURN_TYPE = YES_ERROR;
				GCC_WARN_UNDECLARED_SELECTOR = YES;
				GCC_WARN_UNINITIALIZED_AUTOS = YES_AGGRESSIVE;
				GCC_WARN_UNUSED_FUNCTION = YES;
				GCC_WARN_UNUSED_VARIABLE = YES;
				IPHONEOS_DEPLOYMENT_TARGET = 14.0;
				MTL_ENABLE_DEBUG_INFO = NO;
				MTL_FAST_MATH = YES;
				SDKROOT = iphoneos;
				SWIFT_COMPILATION_MODE = wholemodule;
				SWIFT_OPTIMIZATION_LEVEL = "-O";
				VALIDATE_PRODUCT = YES;
			};
			name = Release;
		};
		B664D465258D18F8007D2D64 /* Debug */ = {
			isa = XCBuildConfiguration;
			baseConfigurationReference = 8CA315FAAA19E9C2E9D37BB4 /* Pods-YapAiTek-Assessment.debug.xcconfig */;
			buildSettings = {
				ASSETCATALOG_COMPILER_APPICON_NAME = AppIcon;
				ASSETCATALOG_COMPILER_GLOBAL_ACCENT_COLOR_NAME = AccentColor;
				CODE_SIGN_STYLE = Automatic;
				DEVELOPMENT_TEAM = 4945R7GGN6;
				INFOPLIST_FILE = "YapAiTek-Assessment/Info.plist";
				LD_RUNPATH_SEARCH_PATHS = (
					"$(inherited)",
					"@executable_path/Frameworks",
				);
				PRODUCT_BUNDLE_IDENTIFIER = "YapAiTek.app.com.YapAiTek-Assessment";
				PRODUCT_NAME = "$(TARGET_NAME)";
				SWIFT_VERSION = 5.0;
				TARGETED_DEVICE_FAMILY = "1,2";
			};
			name = Debug;
		};
		B664D466258D18F8007D2D64 /* Release */ = {
			isa = XCBuildConfiguration;
			baseConfigurationReference = 130F3E9B875D818EC21E66FB /* Pods-YapAiTek-Assessment.release.xcconfig */;
			buildSettings = {
				ASSETCATALOG_COMPILER_APPICON_NAME = AppIcon;
				ASSETCATALOG_COMPILER_GLOBAL_ACCENT_COLOR_NAME = AccentColor;
				CODE_SIGN_STYLE = Automatic;
				DEVELOPMENT_TEAM = 4945R7GGN6;
				INFOPLIST_FILE = "YapAiTek-Assessment/Info.plist";
				LD_RUNPATH_SEARCH_PATHS = (
					"$(inherited)",
					"@executable_path/Frameworks",
				);
				PRODUCT_BUNDLE_IDENTIFIER = "YapAiTek.app.com.YapAiTek-Assessment";
				PRODUCT_NAME = "$(TARGET_NAME)";
				SWIFT_VERSION = 5.0;
				TARGETED_DEVICE_FAMILY = "1,2";
			};
			name = Release;
		};
		B664D468258D18F8007D2D64 /* Debug */ = {
			isa = XCBuildConfiguration;
			baseConfigurationReference = BF425DF9715E9DEBA90854FA /* Pods-YapAiTek-AssessmentTests.debug.xcconfig */;
			buildSettings = {
				ALWAYS_EMBED_SWIFT_STANDARD_LIBRARIES = YES;
				BUNDLE_LOADER = "$(TEST_HOST)";
				CODE_SIGN_STYLE = Automatic;
				DEVELOPMENT_TEAM = 4945R7GGN6;
				INFOPLIST_FILE = "YapAiTek-AssessmentTests/Info.plist";
				IPHONEOS_DEPLOYMENT_TARGET = 14.0;
				LD_RUNPATH_SEARCH_PATHS = (
					"$(inherited)",
					"@executable_path/Frameworks",
					"@loader_path/Frameworks",
				);
				PRODUCT_BUNDLE_IDENTIFIER = "YapAiTek.app.com.YapAiTek-AssessmentTests";
				PRODUCT_NAME = "$(TARGET_NAME)";
				SWIFT_VERSION = 5.0;
				TARGETED_DEVICE_FAMILY = "1,2";
				TEST_HOST = "$(BUILT_PRODUCTS_DIR)/YapAiTek-Assessment.app/YapAiTek-Assessment";
			};
			name = Debug;
		};
		B664D469258D18F8007D2D64 /* Release */ = {
			isa = XCBuildConfiguration;
			baseConfigurationReference = FDEB9E70C023168D6AD44E75 /* Pods-YapAiTek-AssessmentTests.release.xcconfig */;
			buildSettings = {
				ALWAYS_EMBED_SWIFT_STANDARD_LIBRARIES = YES;
				BUNDLE_LOADER = "$(TEST_HOST)";
				CODE_SIGN_STYLE = Automatic;
				DEVELOPMENT_TEAM = 4945R7GGN6;
				INFOPLIST_FILE = "YapAiTek-AssessmentTests/Info.plist";
				IPHONEOS_DEPLOYMENT_TARGET = 14.0;
				LD_RUNPATH_SEARCH_PATHS = (
					"$(inherited)",
					"@executable_path/Frameworks",
					"@loader_path/Frameworks",
				);
				PRODUCT_BUNDLE_IDENTIFIER = "YapAiTek.app.com.YapAiTek-AssessmentTests";
				PRODUCT_NAME = "$(TARGET_NAME)";
				SWIFT_VERSION = 5.0;
				TARGETED_DEVICE_FAMILY = "1,2";
				TEST_HOST = "$(BUILT_PRODUCTS_DIR)/YapAiTek-Assessment.app/YapAiTek-Assessment";
			};
			name = Release;
		};
		B664D46B258D18F8007D2D64 /* Debug */ = {
			isa = XCBuildConfiguration;
			baseConfigurationReference = C4A12042772F5E0AE05EFD94 /* Pods-YapAiTek-Assessment-YapAiTek-AssessmentUITests.debug.xcconfig */;
			buildSettings = {
				ALWAYS_EMBED_SWIFT_STANDARD_LIBRARIES = YES;
				CODE_SIGN_STYLE = Automatic;
				DEVELOPMENT_TEAM = 4945R7GGN6;
				INFOPLIST_FILE = "YapAiTek-AssessmentUITests/Info.plist";
				LD_RUNPATH_SEARCH_PATHS = (
					"$(inherited)",
					"@executable_path/Frameworks",
					"@loader_path/Frameworks",
				);
				PRODUCT_BUNDLE_IDENTIFIER = "YapAiTek.app.com.YapAiTek-AssessmentUITests";
				PRODUCT_NAME = "$(TARGET_NAME)";
				SWIFT_VERSION = 5.0;
				TARGETED_DEVICE_FAMILY = "1,2";
				TEST_TARGET_NAME = "YapAiTek-Assessment";
			};
			name = Debug;
		};
		B664D46C258D18F8007D2D64 /* Release */ = {
			isa = XCBuildConfiguration;
			baseConfigurationReference = 481CF2FCAC9F996A867C9D06 /* Pods-YapAiTek-Assessment-YapAiTek-AssessmentUITests.release.xcconfig */;
			buildSettings = {
				ALWAYS_EMBED_SWIFT_STANDARD_LIBRARIES = YES;
				CODE_SIGN_STYLE = Automatic;
				DEVELOPMENT_TEAM = 4945R7GGN6;
				INFOPLIST_FILE = "YapAiTek-AssessmentUITests/Info.plist";
				LD_RUNPATH_SEARCH_PATHS = (
					"$(inherited)",
					"@executable_path/Frameworks",
					"@loader_path/Frameworks",
				);
				PRODUCT_BUNDLE_IDENTIFIER = "YapAiTek.app.com.YapAiTek-AssessmentUITests";
				PRODUCT_NAME = "$(TARGET_NAME)";
				SWIFT_VERSION = 5.0;
				TARGETED_DEVICE_FAMILY = "1,2";
				TEST_TARGET_NAME = "YapAiTek-Assessment";
			};
			name = Release;
		};
/* End XCBuildConfiguration section */

/* Begin XCConfigurationList section */
		B664D435258D18F5007D2D64 /* Build configuration list for PBXProject "YapAiTek-Assessment" */ = {
			isa = XCConfigurationList;
			buildConfigurations = (
				B664D462258D18F8007D2D64 /* Debug */,
				B664D463258D18F8007D2D64 /* Release */,
			);
			defaultConfigurationIsVisible = 0;
			defaultConfigurationName = Release;
		};
		B664D464258D18F8007D2D64 /* Build configuration list for PBXNativeTarget "YapAiTek-Assessment" */ = {
			isa = XCConfigurationList;
			buildConfigurations = (
				B664D465258D18F8007D2D64 /* Debug */,
				B664D466258D18F8007D2D64 /* Release */,
			);
			defaultConfigurationIsVisible = 0;
			defaultConfigurationName = Release;
		};
		B664D467258D18F8007D2D64 /* Build configuration list for PBXNativeTarget "YapAiTek-AssessmentTests" */ = {
			isa = XCConfigurationList;
			buildConfigurations = (
				B664D468258D18F8007D2D64 /* Debug */,
				B664D469258D18F8007D2D64 /* Release */,
			);
			defaultConfigurationIsVisible = 0;
			defaultConfigurationName = Release;
		};
		B664D46A258D18F8007D2D64 /* Build configuration list for PBXNativeTarget "YapAiTek-AssessmentUITests" */ = {
			isa = XCConfigurationList;
			buildConfigurations = (
				B664D46B258D18F8007D2D64 /* Debug */,
				B664D46C258D18F8007D2D64 /* Release */,
			);
			defaultConfigurationIsVisible = 0;
			defaultConfigurationName = Release;
		};
/* End XCConfigurationList section */
	};
	rootObject = B664D432258D18F5007D2D64 /* Project object */;
}
